// !$*UTF8*$!
{
	archiveVersion = 1;
	classes = {
	};
	objectVersion = 56;
	objects = {

/* Begin PBXBuildFile section */
		3F9C0B812B0F6A950012170E /* APIKeys.swift in Sources */ = {isa = PBXBuildFile; fileRef = 3F9C0B802B0F6A950012170E /* APIKeys.swift */; };
		3FD06CA22B0BC61A001B829D /* EatView.swift in Sources */ = {isa = PBXBuildFile; fileRef = 3FD06CA12B0BC61A001B829D /* EatView.swift */; };
		3FD06CA42B0BC70B001B829D /* SightsView.swift in Sources */ = {isa = PBXBuildFile; fileRef = 3FD06CA32B0BC70B001B829D /* SightsView.swift */; };
		3FD06CA62B0BC7B3001B829D /* AccommodationView.swift in Sources */ = {isa = PBXBuildFile; fileRef = 3FD06CA52B0BC7B3001B829D /* AccommodationView.swift */; };
		3FD06CA82B0CCB20001B829D /* CardView.swift in Sources */ = {isa = PBXBuildFile; fileRef = 3FD06CA72B0CCB20001B829D /* CardView.swift */; };
		6A0A67192AFD15780028328E /* MySuomiAppApp.swift in Sources */ = {isa = PBXBuildFile; fileRef = 6A0A67182AFD15780028328E /* MySuomiAppApp.swift */; };
		6A0A671B2AFD15780028328E /* HomeView.swift in Sources */ = {isa = PBXBuildFile; fileRef = 6A0A671A2AFD15780028328E /* HomeView.swift */; };
		6A0A671D2AFD15790028328E /* Assets.xcassets in Resources */ = {isa = PBXBuildFile; fileRef = 6A0A671C2AFD15790028328E /* Assets.xcassets */; };
		6A0A67202AFD15790028328E /* Preview Assets.xcassets in Resources */ = {isa = PBXBuildFile; fileRef = 6A0A671F2AFD15790028328E /* Preview Assets.xcassets */; };
		6A2B22342B08F339009D9EB6 /* CoreLocation.framework in Frameworks */ = {isa = PBXBuildFile; fileRef = 6A2B22332B08F338009D9EB6 /* CoreLocation.framework */; };
		6A2B22372B09036E009D9EB6 /* LocationManager.swift in Sources */ = {isa = PBXBuildFile; fileRef = 6A2B22362B09036E009D9EB6 /* LocationManager.swift */; };
		6A417AA52B052C1300B02EC7 /* MapKit.framework in Frameworks */ = {isa = PBXBuildFile; fileRef = 6A417AA42B052C1300B02EC7 /* MapKit.framework */; };
		6A48741D2B03A29E00ADD0FF /* MapView.swift in Sources */ = {isa = PBXBuildFile; fileRef = 6A48741C2B03A29E00ADD0FF /* MapView.swift */; };
		6A4874212B03A93600ADD0FF /* LanguageSettings.swift in Sources */ = {isa = PBXBuildFile; fileRef = 6A4874202B03A93600ADD0FF /* LanguageSettings.swift */; };
		6A965D002B0ECB3400DBF47A /* FetchPlaces.swift in Sources */ = {isa = PBXBuildFile; fileRef = 6A965CFF2B0ECB3400DBF47A /* FetchPlaces.swift */; };
/* End PBXBuildFile section */

/* Begin PBXFileReference section */
		3F9C0B802B0F6A950012170E /* APIKeys.swift */ = {isa = PBXFileReference; lastKnownFileType = sourcecode.swift; path = APIKeys.swift; sourceTree = "<group>"; };
		3FD06CA12B0BC61A001B829D /* EatView.swift */ = {isa = PBXFileReference; lastKnownFileType = sourcecode.swift; path = EatView.swift; sourceTree = "<group>"; };
		3FD06CA32B0BC70B001B829D /* SightsView.swift */ = {isa = PBXFileReference; lastKnownFileType = sourcecode.swift; path = SightsView.swift; sourceTree = "<group>"; };
		3FD06CA52B0BC7B3001B829D /* AccommodationView.swift */ = {isa = PBXFileReference; lastKnownFileType = sourcecode.swift; path = AccommodationView.swift; sourceTree = "<group>"; };
		3FD06CA72B0CCB20001B829D /* CardView.swift */ = {isa = PBXFileReference; lastKnownFileType = sourcecode.swift; path = CardView.swift; sourceTree = "<group>"; };
		6A0A67152AFD15780028328E /* MySuomiApp.app */ = {isa = PBXFileReference; explicitFileType = wrapper.application; includeInIndex = 0; path = MySuomiApp.app; sourceTree = BUILT_PRODUCTS_DIR; };
		6A0A67182AFD15780028328E /* MySuomiAppApp.swift */ = {isa = PBXFileReference; lastKnownFileType = sourcecode.swift; path = MySuomiAppApp.swift; sourceTree = "<group>"; };
		6A0A671A2AFD15780028328E /* HomeView.swift */ = {isa = PBXFileReference; lastKnownFileType = sourcecode.swift; path = HomeView.swift; sourceTree = "<group>"; };
		6A0A671C2AFD15790028328E /* Assets.xcassets */ = {isa = PBXFileReference; lastKnownFileType = folder.assetcatalog; path = Assets.xcassets; sourceTree = "<group>"; };
		6A0A671F2AFD15790028328E /* Preview Assets.xcassets */ = {isa = PBXFileReference; lastKnownFileType = folder.assetcatalog; path = "Preview Assets.xcassets"; sourceTree = "<group>"; };
		6A2B22332B08F338009D9EB6 /* CoreLocation.framework */ = {isa = PBXFileReference; lastKnownFileType = wrapper.framework; name = CoreLocation.framework; path = System/Library/Frameworks/CoreLocation.framework; sourceTree = SDKROOT; };
		6A2B22362B09036E009D9EB6 /* LocationManager.swift */ = {isa = PBXFileReference; lastKnownFileType = sourcecode.swift; path = LocationManager.swift; sourceTree = "<group>"; };
		6A417AA42B052C1300B02EC7 /* MapKit.framework */ = {isa = PBXFileReference; lastKnownFileType = wrapper.framework; name = MapKit.framework; path = System/Library/Frameworks/MapKit.framework; sourceTree = SDKROOT; };
		6A48741C2B03A29E00ADD0FF /* MapView.swift */ = {isa = PBXFileReference; lastKnownFileType = sourcecode.swift; path = MapView.swift; sourceTree = "<group>"; };
		6A4874202B03A93600ADD0FF /* LanguageSettings.swift */ = {isa = PBXFileReference; lastKnownFileType = sourcecode.swift; name = LanguageSettings.swift; path = MySuomiApp/Views/LanguageSettings.swift; sourceTree = SOURCE_ROOT; };
		6A4874242B03B48C00ADD0FF /* Info.plist */ = {isa = PBXFileReference; lastKnownFileType = text.plist; path = Info.plist; sourceTree = "<group>"; };
		6A965CFF2B0ECB3400DBF47A /* FetchPlaces.swift */ = {isa = PBXFileReference; lastKnownFileType = sourcecode.swift; path = FetchPlaces.swift; sourceTree = "<group>"; };
/* End PBXFileReference section */

/* Begin PBXFrameworksBuildPhase section */
		6A0A67122AFD15780028328E /* Frameworks */ = {
			isa = PBXFrameworksBuildPhase;
			buildActionMask = 2147483647;
			files = (
				6A2B22342B08F339009D9EB6 /* CoreLocation.framework in Frameworks */,
				6A417AA52B052C1300B02EC7 /* MapKit.framework in Frameworks */,
			);
			runOnlyForDeploymentPostprocessing = 0;
		};
/* End PBXFrameworksBuildPhase section */

/* Begin PBXGroup section */
		3FCA50722B038B2400FDF254 /* Views */ = {
			isa = PBXGroup;
			children = (
				6A4874202B03A93600ADD0FF /* LanguageSettings.swift */,
				3FD06CA72B0CCB20001B829D /* CardView.swift */,
				6A0A671A2AFD15780028328E /* HomeView.swift */,
				6A48741C2B03A29E00ADD0FF /* MapView.swift */,
				3FD06CA12B0BC61A001B829D /* EatView.swift */,
				3FD06CA32B0BC70B001B829D /* SightsView.swift */,
				3FD06CA52B0BC7B3001B829D /* AccommodationView.swift */,
			);
			path = Views;
			sourceTree = "<group>";
		};
		6A0A670C2AFD15780028328E = {
			isa = PBXGroup;
			children = (
				6A0A67172AFD15780028328E /* MySuomiApp */,
				6A0A67162AFD15780028328E /* Products */,
				6A417AA32B052C1200B02EC7 /* Frameworks */,
			);
			sourceTree = "<group>";
		};
		6A0A67162AFD15780028328E /* Products */ = {
			isa = PBXGroup;
			children = (
				6A0A67152AFD15780028328E /* MySuomiApp.app */,
			);
			name = Products;
			sourceTree = "<group>";
		};
		6A0A67172AFD15780028328E /* MySuomiApp */ = {
			isa = PBXGroup;
			children = (
				6A2B22352B090352009D9EB6 /* Modules */,
				6A4874242B03B48C00ADD0FF /* Info.plist */,
				3FCA50722B038B2400FDF254 /* Views */,
				6A0A67182AFD15780028328E /* MySuomiAppApp.swift */,
				6A0A671C2AFD15790028328E /* Assets.xcassets */,
				6A0A671E2AFD15790028328E /* Preview Content */,
			);
			path = MySuomiApp;
			sourceTree = "<group>";
		};
		6A0A671E2AFD15790028328E /* Preview Content */ = {
			isa = PBXGroup;
			children = (
				6A0A671F2AFD15790028328E /* Preview Assets.xcassets */,
			);
			path = "Preview Content";
			sourceTree = "<group>";
		};
		6A2B22352B090352009D9EB6 /* Modules */ = {
			isa = PBXGroup;
			children = (
				6A2B22362B09036E009D9EB6 /* LocationManager.swift */,
				6A965CFF2B0ECB3400DBF47A /* FetchPlaces.swift */,
				3F9C0B802B0F6A950012170E /* APIKeys.swift */,
			);
			path = Modules;
			sourceTree = "<group>";
		};
		6A417AA32B052C1200B02EC7 /* Frameworks */ = {
			isa = PBXGroup;
			children = (
				6A2B22332B08F338009D9EB6 /* CoreLocation.framework */,
				6A417AA42B052C1300B02EC7 /* MapKit.framework */,
			);
			name = Frameworks;
			sourceTree = "<group>";
		};
/* End PBXGroup section */

/* Begin PBXNativeTarget section */
		6A0A67142AFD15780028328E /* MySuomiApp */ = {
			isa = PBXNativeTarget;
			buildConfigurationList = 6A0A67232AFD15790028328E /* Build configuration list for PBXNativeTarget "MySuomiApp" */;
			buildPhases = (
				6A0A67112AFD15780028328E /* Sources */,
				6A0A67122AFD15780028328E /* Frameworks */,
				6A0A67132AFD15780028328E /* Resources */,
			);
			buildRules = (
			);
			dependencies = (
			);
			name = MySuomiApp;
			productName = MySuomiApp;
			productReference = 6A0A67152AFD15780028328E /* MySuomiApp.app */;
			productType = "com.apple.product-type.application";
		};
/* End PBXNativeTarget section */

/* Begin PBXProject section */
		6A0A670D2AFD15780028328E /* Project object */ = {
			isa = PBXProject;
			attributes = {
				BuildIndependentTargetsInParallel = 1;
				LastSwiftUpdateCheck = 1430;
				LastUpgradeCheck = 1430;
				TargetAttributes = {
					6A0A67142AFD15780028328E = {
						CreatedOnToolsVersion = 14.3.1;
					};
				};
			};
			buildConfigurationList = 6A0A67102AFD15780028328E /* Build configuration list for PBXProject "MySuomiApp" */;
			compatibilityVersion = "Xcode 14.0";
			developmentRegion = en;
			hasScannedForEncodings = 0;
			knownRegions = (
				en,
				Base,
			);
			mainGroup = 6A0A670C2AFD15780028328E;
			productRefGroup = 6A0A67162AFD15780028328E /* Products */;
			projectDirPath = "";
			projectRoot = "";
			targets = (
				6A0A67142AFD15780028328E /* MySuomiApp */,
			);
		};
/* End PBXProject section */

/* Begin PBXResourcesBuildPhase section */
		6A0A67132AFD15780028328E /* Resources */ = {
			isa = PBXResourcesBuildPhase;
			buildActionMask = 2147483647;
			files = (
				6A0A67202AFD15790028328E /* Preview Assets.xcassets in Resources */,
				6A0A671D2AFD15790028328E /* Assets.xcassets in Resources */,
			);
			runOnlyForDeploymentPostprocessing = 0;
		};
/* End PBXResourcesBuildPhase section */

/* Begin PBXSourcesBuildPhase section */
		6A0A67112AFD15780028328E /* Sources */ = {
			isa = PBXSourcesBuildPhase;
			buildActionMask = 2147483647;
			files = (
				3F9C0B812B0F6A950012170E /* APIKeys.swift in Sources */,
				6A0A671B2AFD15780028328E /* HomeView.swift in Sources */,
				3FD06CA82B0CCB20001B829D /* CardView.swift in Sources */,
				3FD06CA42B0BC70B001B829D /* SightsView.swift in Sources */,
				6A48741D2B03A29E00ADD0FF /* MapView.swift in Sources */,
				6A965D002B0ECB3400DBF47A /* FetchPlaces.swift in Sources */,
				3FD06CA62B0BC7B3001B829D /* AccommodationView.swift in Sources */,
				6A2B22372B09036E009D9EB6 /* LocationManager.swift in Sources */,
				6A4874212B03A93600ADD0FF /* LanguageSettings.swift in Sources */,
				6A0A67192AFD15780028328E /* MySuomiAppApp.swift in Sources */,
				3FD06CA22B0BC61A001B829D /* EatView.swift in Sources */,
			);
			runOnlyForDeploymentPostprocessing = 0;
		};
/* End PBXSourcesBuildPhase section */

/* Begin XCBuildConfiguration section */
		6A0A67212AFD15790028328E /* Debug */ = {
			isa = XCBuildConfiguration;
			buildSettings = {
				ALWAYS_SEARCH_USER_PATHS = NO;
				CLANG_ANALYZER_NONNULL = YES;
				CLANG_ANALYZER_NUMBER_OBJECT_CONVERSION = YES_AGGRESSIVE;
				CLANG_CXX_LANGUAGE_STANDARD = "gnu++20";
				CLANG_ENABLE_MODULES = YES;
				CLANG_ENABLE_OBJC_ARC = YES;
				CLANG_ENABLE_OBJC_WEAK = YES;
				CLANG_WARN_BLOCK_CAPTURE_AUTORELEASING = YES;
				CLANG_WARN_BOOL_CONVERSION = YES;
				CLANG_WARN_COMMA = YES;
				CLANG_WARN_CONSTANT_CONVERSION = YES;
				CLANG_WARN_DEPRECATED_OBJC_IMPLEMENTATIONS = YES;
				CLANG_WARN_DIRECT_OBJC_ISA_USAGE = YES_ERROR;
				CLANG_WARN_DOCUMENTATION_COMMENTS = YES;
				CLANG_WARN_EMPTY_BODY = YES;
				CLANG_WARN_ENUM_CONVERSION = YES;
				CLANG_WARN_INFINITE_RECURSION = YES;
				CLANG_WARN_INT_CONVERSION = YES;
				CLANG_WARN_NON_LITERAL_NULL_CONVERSION = YES;
				CLANG_WARN_OBJC_IMPLICIT_RETAIN_SELF = YES;
				CLANG_WARN_OBJC_LITERAL_CONVERSION = YES;
				CLANG_WARN_OBJC_ROOT_CLASS = YES_ERROR;
				CLANG_WARN_QUOTED_INCLUDE_IN_FRAMEWORK_HEADER = YES;
				CLANG_WARN_RANGE_LOOP_ANALYSIS = YES;
				CLANG_WARN_STRICT_PROTOTYPES = YES;
				CLANG_WARN_SUSPICIOUS_MOVE = YES;
				CLANG_WARN_UNGUARDED_AVAILABILITY = YES_AGGRESSIVE;
				CLANG_WARN_UNREACHABLE_CODE = YES;
				CLANG_WARN__DUPLICATE_METHOD_MATCH = YES;
				COPY_PHASE_STRIP = NO;
				DEBUG_INFORMATION_FORMAT = dwarf;
				ENABLE_STRICT_OBJC_MSGSEND = YES;
				ENABLE_TESTABILITY = YES;
				GCC_C_LANGUAGE_STANDARD = gnu11;
				GCC_DYNAMIC_NO_PIC = NO;
				GCC_NO_COMMON_BLOCKS = YES;
				GCC_OPTIMIZATION_LEVEL = 0;
				GCC_PREPROCESSOR_DEFINITIONS = (
					"DEBUG=1",
					"$(inherited)",
				);
				GCC_WARN_64_TO_32_BIT_CONVERSION = YES;
				GCC_WARN_ABOUT_RETURN_TYPE = YES_ERROR;
				GCC_WARN_UNDECLARED_SELECTOR = YES;
				GCC_WARN_UNINITIALIZED_AUTOS = YES_AGGRESSIVE;
				GCC_WARN_UNUSED_FUNCTION = YES;
				GCC_WARN_UNUSED_VARIABLE = YES;
				IPHONEOS_DEPLOYMENT_TARGET = 16.4;
				MTL_ENABLE_DEBUG_INFO = INCLUDE_SOURCE;
				MTL_FAST_MATH = YES;
				ONLY_ACTIVE_ARCH = YES;
				SDKROOT = iphoneos;
				SWIFT_ACTIVE_COMPILATION_CONDITIONS = DEBUG;
				SWIFT_OPTIMIZATION_LEVEL = "-Onone";
			};
			name = Debug;
		};
		6A0A67222AFD15790028328E /* Release */ = {
			isa = XCBuildConfiguration;
			buildSettings = {
				ALWAYS_SEARCH_USER_PATHS = NO;
				CLANG_ANALYZER_NONNULL = YES;
				CLANG_ANALYZER_NUMBER_OBJECT_CONVERSION = YES_AGGRESSIVE;
				CLANG_CXX_LANGUAGE_STANDARD = "gnu++20";
				CLANG_ENABLE_MODULES = YES;
				CLANG_ENABLE_OBJC_ARC = YES;
				CLANG_ENABLE_OBJC_WEAK = YES;
				CLANG_WARN_BLOCK_CAPTURE_AUTORELEASING = YES;
				CLANG_WARN_BOOL_CONVERSION = YES;
				CLANG_WARN_COMMA = YES;
				CLANG_WARN_CONSTANT_CONVERSION = YES;
				CLANG_WARN_DEPRECATED_OBJC_IMPLEMENTATIONS = YES;
				CLANG_WARN_DIRECT_OBJC_ISA_USAGE = YES_ERROR;
				CLANG_WARN_DOCUMENTATION_COMMENTS = YES;
				CLANG_WARN_EMPTY_BODY = YES;
				CLANG_WARN_ENUM_CONVERSION = YES;
				CLANG_WARN_INFINITE_RECURSION = YES;
				CLANG_WARN_INT_CONVERSION = YES;
				CLANG_WARN_NON_LITERAL_NULL_CONVERSION = YES;
				CLANG_WARN_OBJC_IMPLICIT_RETAIN_SELF = YES;
				CLANG_WARN_OBJC_LITERAL_CONVERSION = YES;
				CLANG_WARN_OBJC_ROOT_CLASS = YES_ERROR;
				CLANG_WARN_QUOTED_INCLUDE_IN_FRAMEWORK_HEADER = YES;
				CLANG_WARN_RANGE_LOOP_ANALYSIS = YES;
				CLANG_WARN_STRICT_PROTOTYPES = YES;
				CLANG_WARN_SUSPICIOUS_MOVE = YES;
				CLANG_WARN_UNGUARDED_AVAILABILITY = YES_AGGRESSIVE;
				CLANG_WARN_UNREACHABLE_CODE = YES;
				CLANG_WARN__DUPLICATE_METHOD_MATCH = YES;
				COPY_PHASE_STRIP = NO;
				DEBUG_INFORMATION_FORMAT = "dwarf-with-dsym";
				ENABLE_NS_ASSERTIONS = NO;
				ENABLE_STRICT_OBJC_MSGSEND = YES;
				GCC_C_LANGUAGE_STANDARD = gnu11;
				GCC_NO_COMMON_BLOCKS = YES;
				GCC_WARN_64_TO_32_BIT_CONVERSION = YES;
				GCC_WARN_ABOUT_RETURN_TYPE = YES_ERROR;
				GCC_WARN_UNDECLARED_SELECTOR = YES;
				GCC_WARN_UNINITIALIZED_AUTOS = YES_AGGRESSIVE;
				GCC_WARN_UNUSED_FUNCTION = YES;
				GCC_WARN_UNUSED_VARIABLE = YES;
				IPHONEOS_DEPLOYMENT_TARGET = 16.4;
				MTL_ENABLE_DEBUG_INFO = NO;
				MTL_FAST_MATH = YES;
				SDKROOT = iphoneos;
				SWIFT_COMPILATION_MODE = wholemodule;
				SWIFT_OPTIMIZATION_LEVEL = "-O";
				VALIDATE_PRODUCT = YES;
			};
			name = Release;
		};
		6A0A67242AFD15790028328E /* Debug */ = {
			isa = XCBuildConfiguration;
			buildSettings = {
				ASSETCATALOG_COMPILER_APPICON_NAME = AppIcon;
				ASSETCATALOG_COMPILER_GLOBAL_ACCENT_COLOR_NAME = AccentColor;
				CODE_SIGN_STYLE = Automatic;
				CURRENT_PROJECT_VERSION = 1;
				DEVELOPMENT_ASSET_PATHS = "\"MySuomiApp/Preview Content\"";
				ENABLE_PREVIEWS = YES;
				GENERATE_INFOPLIST_FILE = YES;
				INFOPLIST_FILE = MySuomiApp/Info.plist;
				INFOPLIST_KEY_NSLocationAlwaysUsageDescription = "Give us your location to make money of it :)";
				INFOPLIST_KEY_NSLocationUsageDescription = "This string is optional but recommended on iOS 6 & 7 and should describe how your app uses location services. Set this string in the Info.plist";
				INFOPLIST_KEY_NSLocationWhenInUseUsageDescription = "Give us your location to make money of it :)";
				INFOPLIST_KEY_UIApplicationSceneManifest_Generation = YES;
				INFOPLIST_KEY_UIApplicationSupportsIndirectInputEvents = YES;
				INFOPLIST_KEY_UILaunchScreen_Generation = YES;
				INFOPLIST_KEY_UISupportedInterfaceOrientations_iPad = "UIInterfaceOrientationPortrait UIInterfaceOrientationPortraitUpsideDown UIInterfaceOrientationLandscapeLeft UIInterfaceOrientationLandscapeRight";
				INFOPLIST_KEY_UISupportedInterfaceOrientations_iPhone = "UIInterfaceOrientationPortrait UIInterfaceOrientationLandscapeLeft UIInterfaceOrientationLandscapeRight";
				LD_RUNPATH_SEARCH_PATHS = (
					"$(inherited)",
					"@executable_path/Frameworks",
				);
				MARKETING_VERSION = 1.0;
				PRODUCT_BUNDLE_IDENTIFIER = fi.omaprojekti.MySuomiApp;
				PRODUCT_NAME = "$(TARGET_NAME)";
				SWIFT_EMIT_LOC_STRINGS = YES;
				SWIFT_VERSION = 5.0;
				TARGETED_DEVICE_FAMILY = "1,2";
			};
			name = Debug;
		};
		6A0A67252AFD15790028328E /* Release */ = {
			isa = XCBuildConfiguration;
			buildSettings = {
				ASSETCATALOG_COMPILER_APPICON_NAME = AppIcon;
				ASSETCATALOG_COMPILER_GLOBAL_ACCENT_COLOR_NAME = AccentColor;
				CODE_SIGN_STYLE = Automatic;
				CURRENT_PROJECT_VERSION = 1;
				DEVELOPMENT_ASSET_PATHS = "\"MySuomiApp/Preview Content\"";
				ENABLE_PREVIEWS = YES;
				GENERATE_INFOPLIST_FILE = YES;
				INFOPLIST_FILE = MySuomiApp/Info.plist;
				INFOPLIST_KEY_NSLocationAlwaysUsageDescription = "Give us your location to make money of it :)";
				INFOPLIST_KEY_NSLocationUsageDescription = "This string is optional but recommended on iOS 6 & 7 and should describe how your app uses location services. Set this string in the Info.plist";
				INFOPLIST_KEY_NSLocationWhenInUseUsageDescription = "Give us your location to make money of it :)";
				INFOPLIST_KEY_UIApplicationSceneManifest_Generation = YES;
				INFOPLIST_KEY_UIApplicationSupportsIndirectInputEvents = YES;
				INFOPLIST_KEY_UILaunchScreen_Generation = YES;
				INFOPLIST_KEY_UISupportedInterfaceOrientations_iPad = "UIInterfaceOrientationPortrait UIInterfaceOrientationPortraitUpsideDown UIInterfaceOrientationLandscapeLeft UIInterfaceOrientationLandscapeRight";
				INFOPLIST_KEY_UISupportedInterfaceOrientations_iPhone = "UIInterfaceOrientationPortrait UIInterfaceOrientationLandscapeLeft UIInterfaceOrientationLandscapeRight";
				LD_RUNPATH_SEARCH_PATHS = (
					"$(inherited)",
					"@executable_path/Frameworks",
				);
				MARKETING_VERSION = 1.0;
				PRODUCT_BUNDLE_IDENTIFIER = fi.omaprojekti.MySuomiApp;
				PRODUCT_NAME = "$(TARGET_NAME)";
				SWIFT_EMIT_LOC_STRINGS = YES;
				SWIFT_VERSION = 5.0;
				TARGETED_DEVICE_FAMILY = "1,2";
			};
			name = Release;
		};
/* End XCBuildConfiguration section */

/* Begin XCConfigurationList section */
		6A0A67102AFD15780028328E /* Build configuration list for PBXProject "MySuomiApp" */ = {
			isa = XCConfigurationList;
			buildConfigurations = (
				6A0A67212AFD15790028328E /* Debug */,
				6A0A67222AFD15790028328E /* Release */,
			);
			defaultConfigurationIsVisible = 0;
			defaultConfigurationName = Release;
		};
		6A0A67232AFD15790028328E /* Build configuration list for PBXNativeTarget "MySuomiApp" */ = {
			isa = XCConfigurationList;
			buildConfigurations = (
				6A0A67242AFD15790028328E /* Debug */,
				6A0A67252AFD15790028328E /* Release */,
			);
			defaultConfigurationIsVisible = 0;
			defaultConfigurationName = Release;
		};
/* End XCConfigurationList section */
	};
	rootObject = 6A0A670D2AFD15780028328E /* Project object */;
}
